
Microsoft Visual Studio Solution File, Format Version 12.00
# Visual Studio Version 16
VisualStudioVersion = 16.0.31613.86
MinimumVisualStudioVersion = 10.0.40219.1
Project("{FAE04EC0-301F-11D3-BF4B-00C04F79EFBC}") = "ApiAlunos", "ApiAlunos\ApiAlunos.csproj", "{A682F206-8AC6-42EF-92AF-0559DA2C7935}"
EndProject
Global
	GlobalSection(SolutionConfigurationPlatforms) = preSolution
		Debug|Any CPU = Debug|Any CPU
		Release|Any CPU = Release|Any CPU
	EndGlobalSection
	GlobalSection(ProjectConfigurationPlatforms) = postSolution
		{A682F206-8AC6-42EF-92AF-0559DA2C7935}.Debug|Any CPU.ActiveCfg = Debug|Any CPU
		{A682F206-8AC6-42EF-92AF-0559DA2C7935}.Debug|Any CPU.Build.0 = Debug|Any CPU
		{A682F206-8AC6-42EF-92AF-0559DA2C7935}.Release|Any CPU.ActiveCfg = Release|Any CPU
		{A682F206-8AC6-42EF-92AF-0559DA2C7935}.Release|Any CPU.Build.0 = Release|Any CPU
	EndGlobalSection
	GlobalSection(SolutionProperties) = preSolution
		HideSolutionNode = FALSE
	EndGlobalSection
	GlobalSection(ExtensibilityGlobals) = postSolution
		SolutionGuid = {9EB3455A-70EF-4E6D-AE38-D1228773051F}
	EndGlobalSection
EndGlobal
